// !$*UTF8*$!
{
	archiveVersion = 1;
	classes = {
	};
	objectVersion = 46;
	objects = {

/* Begin PBXBuildFile section */
		3622F6881C53ECF000E2D77E /* User.swift in Sources */ = {isa = PBXBuildFile; fileRef = 3622F6871C53ECF000E2D77E /* User.swift */; };
		363FA63A1C51554C00F6E99C /* AppDelegate.swift in Sources */ = {isa = PBXBuildFile; fileRef = 363FA6391C51554C00F6E99C /* AppDelegate.swift */; };
		363FA63C1C51554C00F6E99C /* ViewController.swift in Sources */ = {isa = PBXBuildFile; fileRef = 363FA63B1C51554C00F6E99C /* ViewController.swift */; };
		363FA63F1C51554C00F6E99C /* Main.storyboard in Resources */ = {isa = PBXBuildFile; fileRef = 363FA63D1C51554C00F6E99C /* Main.storyboard */; };
		363FA6421C51554C00F6E99C /* TopTenLibraries.xcdatamodeld in Sources */ = {isa = PBXBuildFile; fileRef = 363FA6401C51554C00F6E99C /* TopTenLibraries.xcdatamodeld */; };
		363FA6441C51554C00F6E99C /* Assets.xcassets in Resources */ = {isa = PBXBuildFile; fileRef = 363FA6431C51554C00F6E99C /* Assets.xcassets */; };
		363FA6471C51554C00F6E99C /* LaunchScreen.storyboard in Resources */ = {isa = PBXBuildFile; fileRef = 363FA6451C51554C00F6E99C /* LaunchScreen.storyboard */; };
		363FA6521C51554C00F6E99C /* TopTenLibrariesTests.swift in Sources */ = {isa = PBXBuildFile; fileRef = 363FA6511C51554C00F6E99C /* TopTenLibrariesTests.swift */; };
		363FA65D1C51554D00F6E99C /* TopTenLibrariesUITests.swift in Sources */ = {isa = PBXBuildFile; fileRef = 363FA65C1C51554D00F6E99C /* TopTenLibrariesUITests.swift */; };
		363FA6741C515D9300F6E99C /* UserProvider.swift in Sources */ = {isa = PBXBuildFile; fileRef = 363FA6731C515D9300F6E99C /* UserProvider.swift */; };
		363FA67F1C515FD100F6E99C /* UserProviderTest.swift in Sources */ = {isa = PBXBuildFile; fileRef = 363FA67E1C515FD100F6E99C /* UserProviderTest.swift */; };
		3DC69812507DAE33376C2292 /* Pods_TopTenLibraries.framework in Frameworks */ = {isa = PBXBuildFile; fileRef = A4C4BAB6D7F40A44D7179981 /* Pods_TopTenLibraries.framework */; };
/* End PBXBuildFile section */

/* Begin PBXContainerItemProxy section */
		363FA64E1C51554C00F6E99C /* PBXContainerItemProxy */ = {
			isa = PBXContainerItemProxy;
			containerPortal = 363FA62E1C51554C00F6E99C /* Project object */;
			proxyType = 1;
			remoteGlobalIDString = 363FA6351C51554C00F6E99C;
			remoteInfo = TopTenLibraries;
		};
		363FA6591C51554C00F6E99C /* PBXContainerItemProxy */ = {
			isa = PBXContainerItemProxy;
			containerPortal = 363FA62E1C51554C00F6E99C /* Project object */;
			proxyType = 1;
			remoteGlobalIDString = 363FA6351C51554C00F6E99C;
			remoteInfo = TopTenLibraries;
		};
/* End PBXContainerItemProxy section */

/* Begin PBXFileReference section */
		3622F6871C53ECF000E2D77E /* User.swift */ = {isa = PBXFileReference; fileEncoding = 4; lastKnownFileType = sourcecode.swift; path = User.swift; sourceTree = "<group>"; };
		363FA6361C51554C00F6E99C /* TopTenLibraries.app */ = {isa = PBXFileReference; explicitFileType = wrapper.application; includeInIndex = 0; path = TopTenLibraries.app; sourceTree = BUILT_PRODUCTS_DIR; };
		363FA6391C51554C00F6E99C /* AppDelegate.swift */ = {isa = PBXFileReference; lastKnownFileType = sourcecode.swift; path = AppDelegate.swift; sourceTree = "<group>"; };
		363FA63B1C51554C00F6E99C /* ViewController.swift */ = {isa = PBXFileReference; lastKnownFileType = sourcecode.swift; name = ViewController.swift; path = ../ViewController.swift; sourceTree = "<group>"; };
		363FA63E1C51554C00F6E99C /* Base */ = {isa = PBXFileReference; lastKnownFileType = file.storyboard; name = Base; path = Base.lproj/Main.storyboard; sourceTree = "<group>"; };
		363FA6411C51554C00F6E99C /* TopTenLibraries.xcdatamodel */ = {isa = PBXFileReference; lastKnownFileType = wrapper.xcdatamodel; path = TopTenLibraries.xcdatamodel; sourceTree = "<group>"; };
		363FA6431C51554C00F6E99C /* Assets.xcassets */ = {isa = PBXFileReference; lastKnownFileType = folder.assetcatalog; name = Assets.xcassets; path = ../Assets.xcassets; sourceTree = "<group>"; };
		363FA6461C51554C00F6E99C /* Base */ = {isa = PBXFileReference; lastKnownFileType = file.storyboard; name = Base; path = Base.lproj/LaunchScreen.storyboard; sourceTree = "<group>"; };
		363FA6481C51554C00F6E99C /* Info.plist */ = {isa = PBXFileReference; lastKnownFileType = text.plist.xml; name = Info.plist; path = ../Info.plist; sourceTree = "<group>"; };
		363FA64D1C51554C00F6E99C /* TopTenLibrariesTests.xctest */ = {isa = PBXFileReference; explicitFileType = wrapper.cfbundle; includeInIndex = 0; path = TopTenLibrariesTests.xctest; sourceTree = BUILT_PRODUCTS_DIR; };
		363FA6511C51554C00F6E99C /* TopTenLibrariesTests.swift */ = {isa = PBXFileReference; lastKnownFileType = sourcecode.swift; path = TopTenLibrariesTests.swift; sourceTree = "<group>"; };
		363FA6531C51554C00F6E99C /* Info.plist */ = {isa = PBXFileReference; lastKnownFileType = text.plist.xml; path = Info.plist; sourceTree = "<group>"; };
		363FA6581C51554C00F6E99C /* TopTenLibrariesUITests.xctest */ = {isa = PBXFileReference; explicitFileType = wrapper.cfbundle; includeInIndex = 0; path = TopTenLibrariesUITests.xctest; sourceTree = BUILT_PRODUCTS_DIR; };
		363FA65C1C51554D00F6E99C /* TopTenLibrariesUITests.swift */ = {isa = PBXFileReference; lastKnownFileType = sourcecode.swift; path = TopTenLibrariesUITests.swift; sourceTree = "<group>"; };
		363FA65E1C51554D00F6E99C /* Info.plist */ = {isa = PBXFileReference; lastKnownFileType = text.plist.xml; path = Info.plist; sourceTree = "<group>"; };
		363FA6731C515D9300F6E99C /* UserProvider.swift */ = {isa = PBXFileReference; fileEncoding = 4; lastKnownFileType = sourcecode.swift; path = UserProvider.swift; sourceTree = "<group>"; };
		363FA67E1C515FD100F6E99C /* UserProviderTest.swift */ = {isa = PBXFileReference; fileEncoding = 4; lastKnownFileType = sourcecode.swift; path = UserProviderTest.swift; sourceTree = "<group>"; };
		7C4CD4508D75E60FE30395AE /* Pods-TopTenLibraries.release.xcconfig */ = {isa = PBXFileReference; includeInIndex = 1; lastKnownFileType = text.xcconfig; name = "Pods-TopTenLibraries.release.xcconfig"; path = "Pods/Target Support Files/Pods-TopTenLibraries/Pods-TopTenLibraries.release.xcconfig"; sourceTree = "<group>"; };
		A4C4BAB6D7F40A44D7179981 /* Pods_TopTenLibraries.framework */ = {isa = PBXFileReference; explicitFileType = wrapper.framework; includeInIndex = 0; path = Pods_TopTenLibraries.framework; sourceTree = BUILT_PRODUCTS_DIR; };
		E8BD6889F65F1098667B46EC /* Pods-TopTenLibraries.debug.xcconfig */ = {isa = PBXFileReference; includeInIndex = 1; lastKnownFileType = text.xcconfig; name = "Pods-TopTenLibraries.debug.xcconfig"; path = "Pods/Target Support Files/Pods-TopTenLibraries/Pods-TopTenLibraries.debug.xcconfig"; sourceTree = "<group>"; };
/* End PBXFileReference section */

/* Begin PBXFrameworksBuildPhase section */
		363FA6331C51554C00F6E99C /* Frameworks */ = {
			isa = PBXFrameworksBuildPhase;
			buildActionMask = 2147483647;
			files = (
				3DC69812507DAE33376C2292 /* Pods_TopTenLibraries.framework in Frameworks */,
			);
			runOnlyForDeploymentPostprocessing = 0;
		};
		363FA64A1C51554C00F6E99C /* Frameworks */ = {
			isa = PBXFrameworksBuildPhase;
			buildActionMask = 2147483647;
			files = (
			);
			runOnlyForDeploymentPostprocessing = 0;
		};
		363FA6551C51554C00F6E99C /* Frameworks */ = {
			isa = PBXFrameworksBuildPhase;
			buildActionMask = 2147483647;
			files = (
			);
			runOnlyForDeploymentPostprocessing = 0;
		};
/* End PBXFrameworksBuildPhase section */

/* Begin PBXGroup section */
		363FA62D1C51554C00F6E99C = {
			isa = PBXGroup;
			children = (
				363FA6381C51554C00F6E99C /* TopTenLibraries */,
				363FA6501C51554C00F6E99C /* TopTenLibrariesTests */,
				363FA65B1C51554D00F6E99C /* TopTenLibrariesUITests */,
				363FA6371C51554C00F6E99C /* Products */,
				7FA6960BA450F70EBED92246 /* Pods */,
				B0C447DFBB4CACFC729813FB /* Frameworks */,
			);
			sourceTree = "<group>";
		};
		363FA6371C51554C00F6E99C /* Products */ = {
			isa = PBXGroup;
			children = (
				363FA6361C51554C00F6E99C /* TopTenLibraries.app */,
				363FA64D1C51554C00F6E99C /* TopTenLibrariesTests.xctest */,
				363FA6581C51554C00F6E99C /* TopTenLibrariesUITests.xctest */,
			);
			name = Products;
			sourceTree = "<group>";
		};
		363FA6381C51554C00F6E99C /* TopTenLibraries */ = {
			isa = PBXGroup;
			children = (
				363FA6391C51554C00F6E99C /* AppDelegate.swift */,
				363FA66A1C5155CA00F6E99C /* Controllers */,
				363FA66B1C5155CA00F6E99C /* Extensions */,
				363FA66C1C5155CA00F6E99C /* Models */,
				363FA66D1C5155CA00F6E99C /* Protocols */,
				363FA66E1C5155CA00F6E99C /* Providers */,
				363FA66F1C5155CA00F6E99C /* Resources */,
				363FA6701C5155CA00F6E99C /* Storyboards */,
				363FA6711C5155CA00F6E99C /* ThirdParty */,
				363FA6721C5155CA00F6E99C /* Views */,
			);
			path = TopTenLibraries;
			sourceTree = "<group>";
		};
		363FA6501C51554C00F6E99C /* TopTenLibrariesTests */ = {
			isa = PBXGroup;
			children = (
				363FA6751C515FB500F6E99C /* Controllers */,
				363FA6761C515FB500F6E99C /* Extensions */,
				363FA6771C515FB500F6E99C /* Models */,
				363FA6781C515FB500F6E99C /* Protocols */,
				363FA6791C515FB500F6E99C /* Providers */,
				363FA67A1C515FB500F6E99C /* Resources */,
				363FA67B1C515FB500F6E99C /* Storyboards */,
				363FA67C1C515FB500F6E99C /* ThirdParty */,
				363FA67D1C515FB500F6E99C /* Views */,
				363FA6511C51554C00F6E99C /* TopTenLibrariesTests.swift */,
				363FA6531C51554C00F6E99C /* Info.plist */,
			);
			path = TopTenLibrariesTests;
			sourceTree = "<group>";
		};
		363FA65B1C51554D00F6E99C /* TopTenLibrariesUITests */ = {
			isa = PBXGroup;
			children = (
				363FA65C1C51554D00F6E99C /* TopTenLibrariesUITests.swift */,
				363FA65E1C51554D00F6E99C /* Info.plist */,
			);
			path = TopTenLibrariesUITests;
			sourceTree = "<group>";
		};
		363FA66A1C5155CA00F6E99C /* Controllers */ = {
			isa = PBXGroup;
			children = (
				363FA63B1C51554C00F6E99C /* ViewController.swift */,
			);
			path = Controllers;
			sourceTree = "<group>";
		};
		363FA66B1C5155CA00F6E99C /* Extensions */ = {
			isa = PBXGroup;
			children = (
			);
			path = Extensions;
			sourceTree = "<group>";
		};
		363FA66C1C5155CA00F6E99C /* Models */ = {
			isa = PBXGroup;
			children = (
				3622F6871C53ECF000E2D77E /* User.swift */,
			);
			path = Models;
			sourceTree = "<group>";
		};
		363FA66D1C5155CA00F6E99C /* Protocols */ = {
			isa = PBXGroup;
			children = (
			);
			path = Protocols;
			sourceTree = "<group>";
		};
		363FA66E1C5155CA00F6E99C /* Providers */ = {
			isa = PBXGroup;
			children = (
				363FA6731C515D9300F6E99C /* UserProvider.swift */,
			);
			path = Providers;
			sourceTree = "<group>";
		};
		363FA66F1C5155CA00F6E99C /* Resources */ = {
			isa = PBXGroup;
			children = (
				363FA6431C51554C00F6E99C /* Assets.xcassets */,
				363FA6481C51554C00F6E99C /* Info.plist */,
				363FA6401C51554C00F6E99C /* TopTenLibraries.xcdatamodeld */,
			);
			path = Resources;
			sourceTree = "<group>";
		};
		363FA6701C5155CA00F6E99C /* Storyboards */ = {
			isa = PBXGroup;
			children = (
				363FA63D1C51554C00F6E99C /* Main.storyboard */,
				363FA6451C51554C00F6E99C /* LaunchScreen.storyboard */,
			);
			path = Storyboards;
			sourceTree = "<group>";
		};
		363FA6711C5155CA00F6E99C /* ThirdParty */ = {
			isa = PBXGroup;
			children = (
			);
			path = ThirdParty;
			sourceTree = "<group>";
		};
		363FA6721C5155CA00F6E99C /* Views */ = {
			isa = PBXGroup;
			children = (
			);
			path = Views;
			sourceTree = "<group>";
		};
		363FA6751C515FB500F6E99C /* Controllers */ = {
			isa = PBXGroup;
			children = (
			);
			path = Controllers;
			sourceTree = "<group>";
		};
		363FA6761C515FB500F6E99C /* Extensions */ = {
			isa = PBXGroup;
			children = (
			);
			path = Extensions;
			sourceTree = "<group>";
		};
		363FA6771C515FB500F6E99C /* Models */ = {
			isa = PBXGroup;
			children = (
			);
			path = Models;
			sourceTree = "<group>";
		};
		363FA6781C515FB500F6E99C /* Protocols */ = {
			isa = PBXGroup;
			children = (
			);
			path = Protocols;
			sourceTree = "<group>";
		};
		363FA6791C515FB500F6E99C /* Providers */ = {
			isa = PBXGroup;
			children = (
				363FA67E1C515FD100F6E99C /* UserProviderTest.swift */,
			);
			path = Providers;
			sourceTree = "<group>";
		};
		363FA67A1C515FB500F6E99C /* Resources */ = {
			isa = PBXGroup;
			children = (
			);
			path = Resources;
			sourceTree = "<group>";
		};
		363FA67B1C515FB500F6E99C /* Storyboards */ = {
			isa = PBXGroup;
			children = (
			);
			path = Storyboards;
			sourceTree = "<group>";
		};
		363FA67C1C515FB500F6E99C /* ThirdParty */ = {
			isa = PBXGroup;
			children = (
			);
			path = ThirdParty;
			sourceTree = "<group>";
		};
		363FA67D1C515FB500F6E99C /* Views */ = {
			isa = PBXGroup;
			children = (
			);
			path = Views;
			sourceTree = "<group>";
		};
		7FA6960BA450F70EBED92246 /* Pods */ = {
			isa = PBXGroup;
			children = (
				E8BD6889F65F1098667B46EC /* Pods-TopTenLibraries.debug.xcconfig */,
				7C4CD4508D75E60FE30395AE /* Pods-TopTenLibraries.release.xcconfig */,
			);
			name = Pods;
			sourceTree = "<group>";
		};
		B0C447DFBB4CACFC729813FB /* Frameworks */ = {
			isa = PBXGroup;
			children = (
				A4C4BAB6D7F40A44D7179981 /* Pods_TopTenLibraries.framework */,
			);
			name = Frameworks;
			sourceTree = "<group>";
		};
/* End PBXGroup section */

/* Begin PBXNativeTarget section */
		363FA6351C51554C00F6E99C /* TopTenLibraries */ = {
			isa = PBXNativeTarget;
			buildConfigurationList = 363FA6611C51554D00F6E99C /* Build configuration list for PBXNativeTarget "TopTenLibraries" */;
			buildPhases = (
				A7DD7F3FD37FE53A3A0AEFF6 /* Check Pods Manifest.lock */,
				363FA6321C51554C00F6E99C /* Sources */,
				363FA6331C51554C00F6E99C /* Frameworks */,
				363FA6341C51554C00F6E99C /* Resources */,
				7721E7006CF7511148B80026 /* Embed Pods Frameworks */,
				0ADDEE428CA1C77504668AF1 /* Copy Pods Resources */,
			);
			buildRules = (
			);
			dependencies = (
			);
			name = TopTenLibraries;
			productName = TopTenLibraries;
			productReference = 363FA6361C51554C00F6E99C /* TopTenLibraries.app */;
			productType = "com.apple.product-type.application";
		};
		363FA64C1C51554C00F6E99C /* TopTenLibrariesTests */ = {
			isa = PBXNativeTarget;
			buildConfigurationList = 363FA6641C51554D00F6E99C /* Build configuration list for PBXNativeTarget "TopTenLibrariesTests" */;
			buildPhases = (
				363FA6491C51554C00F6E99C /* Sources */,
				363FA64A1C51554C00F6E99C /* Frameworks */,
				363FA64B1C51554C00F6E99C /* Resources */,
			);
			buildRules = (
			);
			dependencies = (
				363FA64F1C51554C00F6E99C /* PBXTargetDependency */,
			);
			name = TopTenLibrariesTests;
			productName = TopTenLibrariesTests;
			productReference = 363FA64D1C51554C00F6E99C /* TopTenLibrariesTests.xctest */;
			productType = "com.apple.product-type.bundle.unit-test";
		};
		363FA6571C51554C00F6E99C /* TopTenLibrariesUITests */ = {
			isa = PBXNativeTarget;
			buildConfigurationList = 363FA6671C51554D00F6E99C /* Build configuration list for PBXNativeTarget "TopTenLibrariesUITests" */;
			buildPhases = (
				363FA6541C51554C00F6E99C /* Sources */,
				363FA6551C51554C00F6E99C /* Frameworks */,
				363FA6561C51554C00F6E99C /* Resources */,
			);
			buildRules = (
			);
			dependencies = (
				363FA65A1C51554C00F6E99C /* PBXTargetDependency */,
			);
			name = TopTenLibrariesUITests;
			productName = TopTenLibrariesUITests;
			productReference = 363FA6581C51554C00F6E99C /* TopTenLibrariesUITests.xctest */;
			productType = "com.apple.product-type.bundle.ui-testing";
		};
/* End PBXNativeTarget section */

/* Begin PBXProject section */
		363FA62E1C51554C00F6E99C /* Project object */ = {
			isa = PBXProject;
			attributes = {
				LastSwiftUpdateCheck = 0720;
				LastUpgradeCheck = 0720;
				ORGANIZATIONNAME = "Eric Internicola";
				TargetAttributes = {
					363FA6351C51554C00F6E99C = {
						CreatedOnToolsVersion = 7.2;
					};
					363FA64C1C51554C00F6E99C = {
						CreatedOnToolsVersion = 7.2;
						TestTargetID = 363FA6351C51554C00F6E99C;
					};
					363FA6571C51554C00F6E99C = {
						CreatedOnToolsVersion = 7.2;
						TestTargetID = 363FA6351C51554C00F6E99C;
					};
				};
			};
			buildConfigurationList = 363FA6311C51554C00F6E99C /* Build configuration list for PBXProject "TopTenLibraries" */;
			compatibilityVersion = "Xcode 3.2";
			developmentRegion = English;
			hasScannedForEncodings = 0;
			knownRegions = (
				en,
				Base,
			);
			mainGroup = 363FA62D1C51554C00F6E99C;
			productRefGroup = 363FA6371C51554C00F6E99C /* Products */;
			projectDirPath = "";
			projectRoot = "";
			targets = (
				363FA6351C51554C00F6E99C /* TopTenLibraries */,
				363FA64C1C51554C00F6E99C /* TopTenLibrariesTests */,
				363FA6571C51554C00F6E99C /* TopTenLibrariesUITests */,
			);
		};
/* End PBXProject section */

/* Begin PBXResourcesBuildPhase section */
		363FA6341C51554C00F6E99C /* Resources */ = {
			isa = PBXResourcesBuildPhase;
			buildActionMask = 2147483647;
			files = (
				363FA6471C51554C00F6E99C /* LaunchScreen.storyboard in Resources */,
				363FA6441C51554C00F6E99C /* Assets.xcassets in Resources */,
				363FA63F1C51554C00F6E99C /* Main.storyboard in Resources */,
			);
			runOnlyForDeploymentPostprocessing = 0;
		};
		363FA64B1C51554C00F6E99C /* Resources */ = {
			isa = PBXResourcesBuildPhase;
			buildActionMask = 2147483647;
			files = (
			);
			runOnlyForDeploymentPostprocessing = 0;
		};
		363FA6561C51554C00F6E99C /* Resources */ = {
			isa = PBXResourcesBuildPhase;
			buildActionMask = 2147483647;
			files = (
			);
			runOnlyForDeploymentPostprocessing = 0;
		};
/* End PBXResourcesBuildPhase section */

/* Begin PBXShellScriptBuildPhase section */
		0ADDEE428CA1C77504668AF1 /* Copy Pods Resources */ = {
			isa = PBXShellScriptBuildPhase;
			buildActionMask = 2147483647;
			files = (
			);
			inputPaths = (
			);
			name = "Copy Pods Resources";
			outputPaths = (
			);
			runOnlyForDeploymentPostprocessing = 0;
			shellPath = /bin/sh;
			shellScript = "\"${SRCROOT}/Pods/Target Support Files/Pods-TopTenLibraries/Pods-TopTenLibraries-resources.sh\"\n";
			showEnvVarsInLog = 0;
		};
		7721E7006CF7511148B80026 /* Embed Pods Frameworks */ = {
			isa = PBXShellScriptBuildPhase;
			buildActionMask = 2147483647;
			files = (
			);
			inputPaths = (
			);
			name = "Embed Pods Frameworks";
			outputPaths = (
			);
			runOnlyForDeploymentPostprocessing = 0;
			shellPath = /bin/sh;
			shellScript = "\"${SRCROOT}/Pods/Target Support Files/Pods-TopTenLibraries/Pods-TopTenLibraries-frameworks.sh\"\n";
			showEnvVarsInLog = 0;
		};
		A7DD7F3FD37FE53A3A0AEFF6 /* Check Pods Manifest.lock */ = {
			isa = PBXShellScriptBuildPhase;
			buildActionMask = 2147483647;
			files = (
			);
			inputPaths = (
			);
			name = "Check Pods Manifest.lock";
			outputPaths = (
			);
			runOnlyForDeploymentPostprocessing = 0;
			shellPath = /bin/sh;
			shellScript = "diff \"${PODS_ROOT}/../Podfile.lock\" \"${PODS_ROOT}/Manifest.lock\" > /dev/null\nif [[ $? != 0 ]] ; then\n    cat << EOM\nerror: The sandbox is not in sync with the Podfile.lock. Run 'pod install' or update your CocoaPods installation.\nEOM\n    exit 1\nfi\n";
			showEnvVarsInLog = 0;
		};
/* End PBXShellScriptBuildPhase section */

/* Begin PBXSourcesBuildPhase section */
		363FA6321C51554C00F6E99C /* Sources */ = {
			isa = PBXSourcesBuildPhase;
			buildActionMask = 2147483647;
			files = (
				363FA63C1C51554C00F6E99C /* ViewController.swift in Sources */,
				363FA63A1C51554C00F6E99C /* AppDelegate.swift in Sources */,
				363FA6421C51554C00F6E99C /* TopTenLibraries.xcdatamodeld in Sources */,
				3622F6881C53ECF000E2D77E /* User.swift in Sources */,
				363FA6741C515D9300F6E99C /* UserProvider.swift in Sources */,
			);
			runOnlyForDeploymentPostprocessing = 0;
		};
		363FA6491C51554C00F6E99C /* Sources */ = {
			isa = PBXSourcesBuildPhase;
			buildActionMask = 2147483647;
			files = (
				363FA6521C51554C00F6E99C /* TopTenLibrariesTests.swift in Sources */,
				363FA67F1C515FD100F6E99C /* UserProviderTest.swift in Sources */,
			);
			runOnlyForDeploymentPostprocessing = 0;
		};
		363FA6541C51554C00F6E99C /* Sources */ = {
			isa = PBXSourcesBuildPhase;
			buildActionMask = 2147483647;
			files = (
				363FA65D1C51554D00F6E99C /* TopTenLibrariesUITests.swift in Sources */,
			);
			runOnlyForDeploymentPostprocessing = 0;
		};
/* End PBXSourcesBuildPhase section */

/* Begin PBXTargetDependency section */
		363FA64F1C51554C00F6E99C /* PBXTargetDependency */ = {
			isa = PBXTargetDependency;
			target = 363FA6351C51554C00F6E99C /* TopTenLibraries */;
			targetProxy = 363FA64E1C51554C00F6E99C /* PBXContainerItemProxy */;
		};
		363FA65A1C51554C00F6E99C /* PBXTargetDependency */ = {
			isa = PBXTargetDependency;
			target = 363FA6351C51554C00F6E99C /* TopTenLibraries */;
			targetProxy = 363FA6591C51554C00F6E99C /* PBXContainerItemProxy */;
		};
/* End PBXTargetDependency section */

/* Begin PBXVariantGroup section */
		363FA63D1C51554C00F6E99C /* Main.storyboard */ = {
			isa = PBXVariantGroup;
			children = (
				363FA63E1C51554C00F6E99C /* Base */,
			);
			name = Main.storyboard;
			path = ..;
			sourceTree = "<group>";
		};
		363FA6451C51554C00F6E99C /* LaunchScreen.storyboard */ = {
			isa = PBXVariantGroup;
			children = (
				363FA6461C51554C00F6E99C /* Base */,
			);
			name = LaunchScreen.storyboard;
			path = ..;
			sourceTree = "<group>";
		};
/* End PBXVariantGroup section */

/* Begin XCBuildConfiguration section */
		363FA65F1C51554D00F6E99C /* Debug */ = {
			isa = XCBuildConfiguration;
			buildSettings = {
				ALWAYS_SEARCH_USER_PATHS = NO;
				CLANG_CXX_LANGUAGE_STANDARD = "gnu++0x";
				CLANG_CXX_LIBRARY = "libc++";
				CLANG_ENABLE_MODULES = YES;
				CLANG_ENABLE_OBJC_ARC = YES;
				CLANG_WARN_BOOL_CONVERSION = YES;
				CLANG_WARN_CONSTANT_CONVERSION = YES;
				CLANG_WARN_DIRECT_OBJC_ISA_USAGE = YES_ERROR;
				CLANG_WARN_EMPTY_BODY = YES;
				CLANG_WARN_ENUM_CONVERSION = YES;
				CLANG_WARN_INT_CONVERSION = YES;
				CLANG_WARN_OBJC_ROOT_CLASS = YES_ERROR;
				CLANG_WARN_UNREACHABLE_CODE = YES;
				CLANG_WARN__DUPLICATE_METHOD_MATCH = YES;
				"CODE_SIGN_IDENTITY[sdk=iphoneos*]" = "iPhone Developer";
				COPY_PHASE_STRIP = NO;
				DEBUG_INFORMATION_FORMAT = dwarf;
				ENABLE_STRICT_OBJC_MSGSEND = YES;
				ENABLE_TESTABILITY = YES;
				GCC_C_LANGUAGE_STANDARD = gnu99;
				GCC_DYNAMIC_NO_PIC = NO;
				GCC_NO_COMMON_BLOCKS = YES;
				GCC_OPTIMIZATION_LEVEL = 0;
				GCC_PREPROCESSOR_DEFINITIONS = (
					"DEBUG=1",
					"$(inherited)",
				);
				GCC_WARN_64_TO_32_BIT_CONVERSION = YES;
				GCC_WARN_ABOUT_RETURN_TYPE = YES_ERROR;
				GCC_WARN_UNDECLARED_SELECTOR = YES;
				GCC_WARN_UNINITIALIZED_AUTOS = YES_AGGRESSIVE;
				GCC_WARN_UNUSED_FUNCTION = YES;
				GCC_WARN_UNUSED_VARIABLE = YES;
				IPHONEOS_DEPLOYMENT_TARGET = 9.2;
				MTL_ENABLE_DEBUG_INFO = YES;
				ONLY_ACTIVE_ARCH = YES;
				SDKROOT = iphoneos;
				SWIFT_OPTIMIZATION_LEVEL = "-Onone";
				TARGETED_DEVICE_FAMILY = "1,2";
			};
			name = Debug;
		};
		363FA6601C51554D00F6E99C /* Release */ = {
			isa = XCBuildConfiguration;
			buildSettings = {
				ALWAYS_SEARCH_USER_PATHS = NO;
				CLANG_CXX_LANGUAGE_STANDARD = "gnu++0x";
				CLANG_CXX_LIBRARY = "libc++";
				CLANG_ENABLE_MODULES = YES;
				CLANG_ENABLE_OBJC_ARC = YES;
				CLANG_WARN_BOOL_CONVERSION = YES;
				CLANG_WARN_CONSTANT_CONVERSION = YES;
				CLANG_WARN_DIRECT_OBJC_ISA_USAGE = YES_ERROR;
				CLANG_WARN_EMPTY_BODY = YES;
				CLANG_WARN_ENUM_CONVERSION = YES;
				CLANG_WARN_INT_CONVERSION = YES;
				CLANG_WARN_OBJC_ROOT_CLASS = YES_ERROR;
				CLANG_WARN_UNREACHABLE_CODE = YES;
				CLANG_WARN__DUPLICATE_METHOD_MATCH = YES;
				"CODE_SIGN_IDENTITY[sdk=iphoneos*]" = "iPhone Developer";
				COPY_PHASE_STRIP = NO;
				DEBUG_INFORMATION_FORMAT = "dwarf-with-dsym";
				ENABLE_NS_ASSERTIONS = NO;
				ENABLE_STRICT_OBJC_MSGSEND = YES;
				GCC_C_LANGUAGE_STANDARD = gnu99;
				GCC_NO_COMMON_BLOCKS = YES;
				GCC_WARN_64_TO_32_BIT_CONVERSION = YES;
				GCC_WARN_ABOUT_RETURN_TYPE = YES_ERROR;
				GCC_WARN_UNDECLARED_SELECTOR = YES;
				GCC_WARN_UNINITIALIZED_AUTOS = YES_AGGRESSIVE;
				GCC_WARN_UNUSED_FUNCTION = YES;
				GCC_WARN_UNUSED_VARIABLE = YES;
				IPHONEOS_DEPLOYMENT_TARGET = 9.2;
				MTL_ENABLE_DEBUG_INFO = NO;
				SDKROOT = iphoneos;
				TARGETED_DEVICE_FAMILY = "1,2";
				VALIDATE_PRODUCT = YES;
			};
			name = Release;
		};
		363FA6621C51554D00F6E99C /* Debug */ = {
			isa = XCBuildConfiguration;
			baseConfigurationReference = E8BD6889F65F1098667B46EC /* Pods-TopTenLibraries.debug.xcconfig */;
			buildSettings = {
				ASSETCATALOG_COMPILER_APPICON_NAME = AppIcon;
				INFOPLIST_FILE = TopTenLibraries/Info.plist;
				LD_RUNPATH_SEARCH_PATHS = "$(inherited) @executable_path/Frameworks";
				PRODUCT_BUNDLE_IDENTIFIER = com.test.TopTenLibraries;
				PRODUCT_NAME = "$(TARGET_NAME)";
			};
			name = Debug;
		};
		363FA6631C51554D00F6E99C /* Release */ = {
			isa = XCBuildConfiguration;
			baseConfigurationReference = 7C4CD4508D75E60FE30395AE /* Pods-TopTenLibraries.release.xcconfig */;
			buildSettings = {
				ASSETCATALOG_COMPILER_APPICON_NAME = AppIcon;
				INFOPLIST_FILE = TopTenLibraries/Info.plist;
				LD_RUNPATH_SEARCH_PATHS = "$(inherited) @executable_path/Frameworks";
				PRODUCT_BUNDLE_IDENTIFIER = com.test.TopTenLibraries;
				PRODUCT_NAME = "$(TARGET_NAME)";
			};
			name = Release;
		};
		363FA6651C51554D00F6E99C /* Debug */ = {
			isa = XCBuildConfiguration;
			buildSettings = {
				BUNDLE_LOADER = "$(TEST_HOST)";
				INFOPLIST_FILE = TopTenLibrariesTests/Info.plist;
				LD_RUNPATH_SEARCH_PATHS = "$(inherited) @executable_path/Frameworks @loader_path/Frameworks";
				PRODUCT_BUNDLE_IDENTIFIER = com.test.TopTenLibrariesTests;
				PRODUCT_NAME = "$(TARGET_NAME)";
				TEST_HOST = "$(BUILT_PRODUCTS_DIR)/TopTenLibraries.app/TopTenLibraries";
			};
			name = Debug;
		};
		363FA6661C51554D00F6E99C /* Release */ = {
			isa = XCBuildConfiguration;
			buildSettings = {
				BUNDLE_LOADER = "$(TEST_HOST)";
				INFOPLIST_FILE = TopTenLibrariesTests/Info.plist;
				LD_RUNPATH_SEARCH_PATHS = "$(inherited) @executable_path/Frameworks @loader_path/Frameworks";
				PRODUCT_BUNDLE_IDENTIFIER = com.test.TopTenLibrariesTests;
				PRODUCT_NAME = "$(TARGET_NAME)";
				TEST_HOST = "$(BUILT_PRODUCTS_DIR)/TopTenLibraries.app/TopTenLibraries";
			};
			name = Release;
		};
		363FA6681C51554D00F6E99C /* Debug */ = {
			isa = XCBuildConfiguration;
			buildSettings = {
				INFOPLIST_FILE = TopTenLibrariesUITests/Info.plist;
				LD_RUNPATH_SEARCH_PATHS = "$(inherited) @executable_path/Frameworks @loader_path/Frameworks";
				PRODUCT_BUNDLE_IDENTIFIER = com.test.TopTenLibrariesUITests;
				PRODUCT_NAME = "$(TARGET_NAME)";
				TEST_TARGET_NAME = TopTenLibraries;
				USES_XCTRUNNER = YES;
			};
			name = Debug;
		};
		363FA6691C51554D00F6E99C /* Release */ = {
			isa = XCBuildConfiguration;
			buildSettings = {
				INFOPLIST_FILE = TopTenLibrariesUITests/Info.plist;
				LD_RUNPATH_SEARCH_PATHS = "$(inherited) @executable_path/Frameworks @loader_path/Frameworks";
				PRODUCT_BUNDLE_IDENTIFIER = com.test.TopTenLibrariesUITests;
				PRODUCT_NAME = "$(TARGET_NAME)";
				TEST_TARGET_NAME = TopTenLibraries;
				USES_XCTRUNNER = YES;
			};
			name = Release;
		};
/* End XCBuildConfiguration section */

/* Begin XCConfigurationList section */
		363FA6311C51554C00F6E99C /* Build configuration list for PBXProject "TopTenLibraries" */ = {
			isa = XCConfigurationList;
			buildConfigurations = (
				363FA65F1C51554D00F6E99C /* Debug */,
				363FA6601C51554D00F6E99C /* Release */,
			);
			defaultConfigurationIsVisible = 0;
			defaultConfigurationName = Release;
		};
		363FA6611C51554D00F6E99C /* Build configuration list for PBXNativeTarget "TopTenLibraries" */ = {
			isa = XCConfigurationList;
			buildConfigurations = (
				363FA6621C51554D00F6E99C /* Debug */,
				363FA6631C51554D00F6E99C /* Release */,
			);
			defaultConfigurationIsVisible = 0;
			defaultConfigurationName = Release;
		};
		363FA6641C51554D00F6E99C /* Build configuration list for PBXNativeTarget "TopTenLibrariesTests" */ = {
			isa = XCConfigurationList;
			buildConfigurations = (
				363FA6651C51554D00F6E99C /* Debug */,
				363FA6661C51554D00F6E99C /* Release */,
			);
			defaultConfigurationIsVisible = 0;
			defaultConfigurationName = Release;
		};
		363FA6671C51554D00F6E99C /* Build configuration list for PBXNativeTarget "TopTenLibrariesUITests" */ = {
			isa = XCConfigurationList;
			buildConfigurations = (
				363FA6681C51554D00F6E99C /* Debug */,
				363FA6691C51554D00F6E99C /* Release */,
			);
			defaultConfigurationIsVisible = 0;
			defaultConfigurationName = Release;
		};
/* End XCConfigurationList section */

/* Begin XCVersionGroup section */
		363FA6401C51554C00F6E99C /* TopTenLibraries.xcdatamodeld */ = {
			isa = XCVersionGroup;
			children = (
				363FA6411C51554C00F6E99C /* TopTenLibraries.xcdatamodel */,
			);
			currentVersion = 363FA6411C51554C00F6E99C /* TopTenLibraries.xcdatamodel */;
			name = TopTenLibraries.xcdatamodeld;
			path = ../TopTenLibraries.xcdatamodeld;
			sourceTree = "<group>";
			versionGroupType = wrapper.xcdatamodel;
		};
/* End XCVersionGroup section */
	};
	rootObject = 363FA62E1C51554C00F6E99C /* Project object */;
}
